
Microsoft Visual Studio Solution File, Format Version 12.00
# Visual Studio 15
VisualStudioVersion = 15.0.28307.1259
MinimumVisualStudioVersion = 10.0.40219.1
Project("{FAE04EC0-301F-11D3-BF4B-00C04F79EFBC}") = "ClientProxy-P4-038", "ClientProxy-P4-038\ClientProxy-P4-038.csproj", "{9206F838-92BF-4F2F-88BC-C21BDB2F3EE2}"
EndProject
Global
	GlobalSection(SolutionConfigurationPlatforms) = preSolution
		Debug|Any CPU = Debug|Any CPU
		Release|Any CPU = Release|Any CPU
	EndGlobalSection
	GlobalSection(ProjectConfigurationPlatforms) = postSolution
		{9206F838-92BF-4F2F-88BC-C21BDB2F3EE2}.Debug|Any CPU.ActiveCfg = Debug|Any CPU
		{9206F838-92BF-4F2F-88BC-C21BDB2F3EE2}.Debug|Any CPU.Build.0 = Debug|Any CPU
		{9206F838-92BF-4F2F-88BC-C21BDB2F3EE2}.Release|Any CPU.ActiveCfg = Release|Any CPU
		{9206F838-92BF-4F2F-88BC-C21BDB2F3EE2}.Release|Any CPU.Build.0 = Release|Any CPU
	EndGlobalSection
	GlobalSection(SolutionProperties) = preSolution
		HideSolutionNode = FALSE
	EndGlobalSection
	GlobalSection(ExtensibilityGlobals) = postSolution
		SolutionGuid = {7F3478F9-6953-4744-A01C-E6C5E8FB27C1}
	EndGlobalSection
EndGlobal
